
Microsoft Visual Studio Solution File, Format Version 12.00
# Visual Studio 15
VisualStudioVersion = 15.0.28010.2041
MinimumVisualStudioVersion = 10.0.40219.1
Project("{9A19103F-16F7-4668-BE54-9A1E7A4F7556}") = "CIP.HIS", "CIP.HIS\CIP.HIS.csproj", "{8F998EDC-BF8A-4C19-9A16-F85DC669CB4E}"
EndProject
Project("{FAE04EC0-301F-11D3-BF4B-00C04F79EFBC}") = "CIP.LIS", "CIP.LIS\CIP.LIS.csproj", "{66DF93B5-9CAE-481E-851F-35FB967E7D42}"
EndProject
Project("{FAE04EC0-301F-11D3-BF4B-00C04F79EFBC}") = "CIP.PIS", "CIP.PIS\CIP.PIS.csproj", "{31A9140E-86AF-4AF8-9795-4D54E089AC95}"
EndProject
Project("{FAE04EC0-301F-11D3-BF4B-00C04F79EFBC}") = "CIP.RIS", "CIP.RIS\CIP.RIS.csproj", "{62F5AF0A-52F2-4BCB-B95C-341A21E4F512}"
EndProject
Global
	GlobalSection(SolutionConfigurationPlatforms) = preSolution
		Debug|Any CPU = Debug|Any CPU
		Release|Any CPU = Release|Any CPU
	EndGlobalSection
	GlobalSection(ProjectConfigurationPlatforms) = postSolution
		{8F998EDC-BF8A-4C19-9A16-F85DC669CB4E}.Debug|Any CPU.ActiveCfg = Debug|Any CPU
		{8F998EDC-BF8A-4C19-9A16-F85DC669CB4E}.Debug|Any CPU.Build.0 = Debug|Any CPU
		{8F998EDC-BF8A-4C19-9A16-F85DC669CB4E}.Release|Any CPU.ActiveCfg = Release|Any CPU
		{8F998EDC-BF8A-4C19-9A16-F85DC669CB4E}.Release|Any CPU.Build.0 = Release|Any CPU
		{66DF93B5-9CAE-481E-851F-35FB967E7D42}.Debug|Any CPU.ActiveCfg = Debug|Any CPU
		{66DF93B5-9CAE-481E-851F-35FB967E7D42}.Debug|Any CPU.Build.0 = Debug|Any CPU
		{66DF93B5-9CAE-481E-851F-35FB967E7D42}.Release|Any CPU.ActiveCfg = Release|Any CPU
		{66DF93B5-9CAE-481E-851F-35FB967E7D42}.Release|Any CPU.Build.0 = Release|Any CPU
		{31A9140E-86AF-4AF8-9795-4D54E089AC95}.Debug|Any CPU.ActiveCfg = Debug|Any CPU
		{31A9140E-86AF-4AF8-9795-4D54E089AC95}.Debug|Any CPU.Build.0 = Debug|Any CPU
		{31A9140E-86AF-4AF8-9795-4D54E089AC95}.Release|Any CPU.ActiveCfg = Release|Any CPU
		{31A9140E-86AF-4AF8-9795-4D54E089AC95}.Release|Any CPU.Build.0 = Release|Any CPU
		{62F5AF0A-52F2-4BCB-B95C-341A21E4F512}.Debug|Any CPU.ActiveCfg = Debug|Any CPU
		{62F5AF0A-52F2-4BCB-B95C-341A21E4F512}.Debug|Any CPU.Build.0 = Debug|Any CPU
		{62F5AF0A-52F2-4BCB-B95C-341A21E4F512}.Release|Any CPU.ActiveCfg = Release|Any CPU
		{62F5AF0A-52F2-4BCB-B95C-341A21E4F512}.Release|Any CPU.Build.0 = Release|Any CPU
	EndGlobalSection
	GlobalSection(SolutionProperties) = preSolution
		HideSolutionNode = FALSE
	EndGlobalSection
	GlobalSection(ExtensibilityGlobals) = postSolution
		SolutionGuid = {21253573-7361-4589-9676-4D8D036F36F1}
	EndGlobalSection
EndGlobal
